
Microsoft Visual Studio Solution File, Format Version 12.00
# Visual Studio 2013
VisualStudioVersion = 12.0.31101.0
MinimumVisualStudioVersion = 10.0.40219.1
Project("{FAE04EC0-301F-11D3-BF4B-00C04F79EFBC}") = "OAS", "OAS\OAS.csproj", "{3D2AB7EC-A472-4A20-9B15-97FADB7D709F}"
EndProject
Project("{FAE04EC0-301F-11D3-BF4B-00C04F79EFBC}") = "DataBaseLayer", "..\DataBaseLayer\DataBaseLayer.csproj", "{C931446C-19C8-4E36-BE42-664EED47748D}"
EndProject
Project("{FAE04EC0-301F-11D3-BF4B-00C04F79EFBC}") = "BusinessLayer", "..\BusinessLayer\BusinessLayer.csproj", "{58CC068E-567E-42CE-866A-4E58E2C50F00}"
EndProject
Global
	GlobalSection(SolutionConfigurationPlatforms) = preSolution
		Debug|Any CPU = Debug|Any CPU
		Release|Any CPU = Release|Any CPU
	EndGlobalSection
	GlobalSection(ProjectConfigurationPlatforms) = postSolution
		{3D2AB7EC-A472-4A20-9B15-97FADB7D709F}.Debug|Any CPU.ActiveCfg = Debug|Any CPU
		{3D2AB7EC-A472-4A20-9B15-97FADB7D709F}.Debug|Any CPU.Build.0 = Debug|Any CPU
		{3D2AB7EC-A472-4A20-9B15-97FADB7D709F}.Release|Any CPU.ActiveCfg = Release|Any CPU
		{3D2AB7EC-A472-4A20-9B15-97FADB7D709F}.Release|Any CPU.Build.0 = Release|Any CPU
		{C931446C-19C8-4E36-BE42-664EED47748D}.Debug|Any CPU.ActiveCfg = Debug|Any CPU
		{C931446C-19C8-4E36-BE42-664EED47748D}.Debug|Any CPU.Build.0 = Debug|Any CPU
		{C931446C-19C8-4E36-BE42-664EED47748D}.Release|Any CPU.ActiveCfg = Release|Any CPU
		{C931446C-19C8-4E36-BE42-664EED47748D}.Release|Any CPU.Build.0 = Release|Any CPU
		{58CC068E-567E-42CE-866A-4E58E2C50F00}.Debug|Any CPU.ActiveCfg = Debug|Any CPU
		{58CC068E-567E-42CE-866A-4E58E2C50F00}.Debug|Any CPU.Build.0 = Debug|Any CPU
		{58CC068E-567E-42CE-866A-4E58E2C50F00}.Release|Any CPU.ActiveCfg = Release|Any CPU
		{58CC068E-567E-42CE-866A-4E58E2C50F00}.Release|Any CPU.Build.0 = Release|Any CPU
	EndGlobalSection
	GlobalSection(SolutionProperties) = preSolution
		HideSolutionNode = FALSE
	EndGlobalSection
EndGlobal
